// !$*UTF8*$!
{
	archiveVersion = 1;
	classes = {
	};
	objectVersion = 56;
	objects = {

/* Begin PBXBuildFile section */
		110C65932BE9F7B200E59ADD /* AddTransactionView.swift in Sources */ = {isa = PBXBuildFile; fileRef = 110C65922BE9F7B200E59ADD /* AddTransactionView.swift */; };
		11821A262BECAB25001CEFA8 /* ThemeHandler.swift in Sources */ = {isa = PBXBuildFile; fileRef = 11821A252BECAB25001CEFA8 /* ThemeHandler.swift */; };
		4C4D656E2BE886BD00753FB5 /* Spending_TrackerApp.swift in Sources */ = {isa = PBXBuildFile; fileRef = 4C4D656D2BE886BD00753FB5 /* Spending_TrackerApp.swift */; };
		4C4D65702BE886BD00753FB5 /* ContentView.swift in Sources */ = {isa = PBXBuildFile; fileRef = 4C4D656F2BE886BD00753FB5 /* ContentView.swift */; };
		4C4D65722BE886C100753FB5 /* Assets.xcassets in Resources */ = {isa = PBXBuildFile; fileRef = 4C4D65712BE886C100753FB5 /* Assets.xcassets */; };
		4C4D65752BE886C100753FB5 /* Preview Assets.xcassets in Resources */ = {isa = PBXBuildFile; fileRef = 4C4D65742BE886C100753FB5 /* Preview Assets.xcassets */; };
		4C4D657F2BE886C200753FB5 /* Spending_TrackerTests.swift in Sources */ = {isa = PBXBuildFile; fileRef = 4C4D657E2BE886C200753FB5 /* Spending_TrackerTests.swift */; };
		4C4D65892BE886C200753FB5 /* Spending_TrackerUITests.swift in Sources */ = {isa = PBXBuildFile; fileRef = 4C4D65882BE886C200753FB5 /* Spending_TrackerUITests.swift */; };
		4C4D658B2BE886C200753FB5 /* Spending_TrackerUITestsLaunchTests.swift in Sources */ = {isa = PBXBuildFile; fileRef = 4C4D658A2BE886C200753FB5 /* Spending_TrackerUITestsLaunchTests.swift */; };
		4C4D659C2BE8D38300753FB5 /* Tabs.swift in Sources */ = {isa = PBXBuildFile; fileRef = 4C4D659B2BE8D38300753FB5 /* Tabs.swift */; };
		4C4D65A42BE8DA8E00753FB5 /* Transactions.swift in Sources */ = {isa = PBXBuildFile; fileRef = 4C4D65A32BE8DA8E00753FB5 /* Transactions.swift */; };
		4C4D65A82BE8DC2500753FB5 /* Classification.swift in Sources */ = {isa = PBXBuildFile; fileRef = 4C4D65A72BE8DC2500753FB5 /* Classification.swift */; };
		4C4D65AA2BE8DE8F00753FB5 /* AssignColour.swift in Sources */ = {isa = PBXBuildFile; fileRef = 4C4D65A92BE8DE8F00753FB5 /* AssignColour.swift */; };
		4C4D65AF2BE8E3AD00753FB5 /* HomeView.swift in Sources */ = {isa = PBXBuildFile; fileRef = 4C4D65AE2BE8E3AD00753FB5 /* HomeView.swift */; };
		4C4D65B12BE8E3C400753FB5 /* SearchView.swift in Sources */ = {isa = PBXBuildFile; fileRef = 4C4D65B02BE8E3C400753FB5 /* SearchView.swift */; };
		4C4D65B32BE8E3DA00753FB5 /* GraphView.swift in Sources */ = {isa = PBXBuildFile; fileRef = 4C4D65B22BE8E3DA00753FB5 /* GraphView.swift */; };
		4C4D65B52BE8E3EA00753FB5 /* SettingsView.swift in Sources */ = {isa = PBXBuildFile; fileRef = 4C4D65B42BE8E3EA00753FB5 /* SettingsView.swift */; };
		4C4D65B82BE8F35400753FB5 /* Extensions.swift in Sources */ = {isa = PBXBuildFile; fileRef = 4C4D65B72BE8F35400753FB5 /* Extensions.swift */; };
		4C4D65BD2BE8FA6000753FB5 /* CardView.swift in Sources */ = {isa = PBXBuildFile; fileRef = 4C4D65BC2BE8FA6000753FB5 /* CardView.swift */; };
		4C4D65C12BE903EF00753FB5 /* TransactionsCardView.swift in Sources */ = {isa = PBXBuildFile; fileRef = 4C4D65C02BE903EF00753FB5 /* TransactionsCardView.swift */; };
		4CD0B62B2BECAE060045C088 /* TransactionTypes.swift in Sources */ = {isa = PBXBuildFile; fileRef = 4CD0B62A2BECAE060045C088 /* TransactionTypes.swift */; };
		DB89C1242BEC15D6004E0E01 /* FilterTransactionView.swift in Sources */ = {isa = PBXBuildFile; fileRef = DB89C1232BEC15D6004E0E01 /* FilterTransactionView.swift */; };
/* End PBXBuildFile section */

/* Begin PBXContainerItemProxy section */
		4C4D657B2BE886C200753FB5 /* PBXContainerItemProxy */ = {
			isa = PBXContainerItemProxy;
			containerPortal = 4C4D65622BE886BD00753FB5 /* Project object */;
			proxyType = 1;
			remoteGlobalIDString = 4C4D65692BE886BD00753FB5;
			remoteInfo = "Spending Tracker";
		};
		4C4D65852BE886C200753FB5 /* PBXContainerItemProxy */ = {
			isa = PBXContainerItemProxy;
			containerPortal = 4C4D65622BE886BD00753FB5 /* Project object */;
			proxyType = 1;
			remoteGlobalIDString = 4C4D65692BE886BD00753FB5;
			remoteInfo = "Spending Tracker";
		};
/* End PBXContainerItemProxy section */

/* Begin PBXFileReference section */
		110C65922BE9F7B200E59ADD /* AddTransactionView.swift */ = {isa = PBXFileReference; lastKnownFileType = sourcecode.swift; path = AddTransactionView.swift; sourceTree = "<group>"; };
		11821A252BECAB25001CEFA8 /* ThemeHandler.swift */ = {isa = PBXFileReference; lastKnownFileType = sourcecode.swift; path = ThemeHandler.swift; sourceTree = "<group>"; };
		4C4D656A2BE886BD00753FB5 /* Spending Tracker.app */ = {isa = PBXFileReference; explicitFileType = wrapper.application; includeInIndex = 0; path = "Spending Tracker.app"; sourceTree = BUILT_PRODUCTS_DIR; };
		4C4D656D2BE886BD00753FB5 /* Spending_TrackerApp.swift */ = {isa = PBXFileReference; lastKnownFileType = sourcecode.swift; path = Spending_TrackerApp.swift; sourceTree = "<group>"; };
		4C4D656F2BE886BD00753FB5 /* ContentView.swift */ = {isa = PBXFileReference; lastKnownFileType = sourcecode.swift; path = ContentView.swift; sourceTree = "<group>"; };
		4C4D65712BE886C100753FB5 /* Assets.xcassets */ = {isa = PBXFileReference; lastKnownFileType = folder.assetcatalog; path = Assets.xcassets; sourceTree = "<group>"; };
		4C4D65742BE886C100753FB5 /* Preview Assets.xcassets */ = {isa = PBXFileReference; lastKnownFileType = folder.assetcatalog; path = "Preview Assets.xcassets"; sourceTree = "<group>"; };
		4C4D657A2BE886C200753FB5 /* Spending TrackerTests.xctest */ = {isa = PBXFileReference; explicitFileType = wrapper.cfbundle; includeInIndex = 0; path = "Spending TrackerTests.xctest"; sourceTree = BUILT_PRODUCTS_DIR; };
		4C4D657E2BE886C200753FB5 /* Spending_TrackerTests.swift */ = {isa = PBXFileReference; lastKnownFileType = sourcecode.swift; path = Spending_TrackerTests.swift; sourceTree = "<group>"; };
		4C4D65842BE886C200753FB5 /* Spending TrackerUITests.xctest */ = {isa = PBXFileReference; explicitFileType = wrapper.cfbundle; includeInIndex = 0; path = "Spending TrackerUITests.xctest"; sourceTree = BUILT_PRODUCTS_DIR; };
		4C4D65882BE886C200753FB5 /* Spending_TrackerUITests.swift */ = {isa = PBXFileReference; lastKnownFileType = sourcecode.swift; path = Spending_TrackerUITests.swift; sourceTree = "<group>"; };
		4C4D658A2BE886C200753FB5 /* Spending_TrackerUITestsLaunchTests.swift */ = {isa = PBXFileReference; lastKnownFileType = sourcecode.swift; path = Spending_TrackerUITestsLaunchTests.swift; sourceTree = "<group>"; };
		4C4D659B2BE8D38300753FB5 /* Tabs.swift */ = {isa = PBXFileReference; lastKnownFileType = sourcecode.swift; path = Tabs.swift; sourceTree = SOURCE_ROOT; };
		4C4D65A32BE8DA8E00753FB5 /* Transactions.swift */ = {isa = PBXFileReference; lastKnownFileType = sourcecode.swift; path = Transactions.swift; sourceTree = SOURCE_ROOT; };
		4C4D65A72BE8DC2500753FB5 /* Classification.swift */ = {isa = PBXFileReference; lastKnownFileType = sourcecode.swift; path = Classification.swift; sourceTree = SOURCE_ROOT; };
		4C4D65A92BE8DE8F00753FB5 /* AssignColour.swift */ = {isa = PBXFileReference; lastKnownFileType = sourcecode.swift; path = AssignColour.swift; sourceTree = SOURCE_ROOT; };
		4C4D65AE2BE8E3AD00753FB5 /* HomeView.swift */ = {isa = PBXFileReference; lastKnownFileType = sourcecode.swift; path = HomeView.swift; sourceTree = SOURCE_ROOT; };
		4C4D65B02BE8E3C400753FB5 /* SearchView.swift */ = {isa = PBXFileReference; lastKnownFileType = sourcecode.swift; path = SearchView.swift; sourceTree = SOURCE_ROOT; };
		4C4D65B22BE8E3DA00753FB5 /* GraphView.swift */ = {isa = PBXFileReference; lastKnownFileType = sourcecode.swift; path = GraphView.swift; sourceTree = SOURCE_ROOT; };
		4C4D65B42BE8E3EA00753FB5 /* SettingsView.swift */ = {isa = PBXFileReference; lastKnownFileType = sourcecode.swift; path = SettingsView.swift; sourceTree = SOURCE_ROOT; };
		4C4D65B72BE8F35400753FB5 /* Extensions.swift */ = {isa = PBXFileReference; lastKnownFileType = sourcecode.swift; name = Extensions.swift; path = "Spending Tracker/Model/Extensions.swift"; sourceTree = SOURCE_ROOT; };
		4C4D65BC2BE8FA6000753FB5 /* CardView.swift */ = {isa = PBXFileReference; lastKnownFileType = sourcecode.swift; name = CardView.swift; path = "Spending Tracker/View/CardView.swift"; sourceTree = SOURCE_ROOT; };
		4C4D65C02BE903EF00753FB5 /* TransactionsCardView.swift */ = {isa = PBXFileReference; lastKnownFileType = sourcecode.swift; name = TransactionsCardView.swift; path = "Spending Tracker/View/TransactionsCardView.swift"; sourceTree = SOURCE_ROOT; };
		4CD0B62A2BECAE060045C088 /* TransactionTypes.swift */ = {isa = PBXFileReference; lastKnownFileType = sourcecode.swift; name = TransactionTypes.swift; path = ../../../TransactionTypes.swift; sourceTree = "<group>"; };
		DB89C1232BEC15D6004E0E01 /* FilterTransactionView.swift */ = {isa = PBXFileReference; lastKnownFileType = sourcecode.swift; path = FilterTransactionView.swift; sourceTree = "<group>"; };
/* End PBXFileReference section */

/* Begin PBXFrameworksBuildPhase section */
		4C4D65672BE886BD00753FB5 /* Frameworks */ = {
			isa = PBXFrameworksBuildPhase;
			buildActionMask = 2147483647;
			files = (
			);
			runOnlyForDeploymentPostprocessing = 0;
		};
		4C4D65772BE886C200753FB5 /* Frameworks */ = {
			isa = PBXFrameworksBuildPhase;
			buildActionMask = 2147483647;
			files = (
			);
			runOnlyForDeploymentPostprocessing = 0;
		};
		4C4D65812BE886C200753FB5 /* Frameworks */ = {
			isa = PBXFrameworksBuildPhase;
			buildActionMask = 2147483647;
			files = (
			);
			runOnlyForDeploymentPostprocessing = 0;
		};
/* End PBXFrameworksBuildPhase section */

/* Begin PBXGroup section */
		4C4D65612BE886BD00753FB5 = {
			isa = PBXGroup;
			children = (
				4C4D656C2BE886BD00753FB5 /* Spending Tracker */,
				4C4D657D2BE886C200753FB5 /* Spending TrackerTests */,
				4C4D65872BE886C200753FB5 /* Spending TrackerUITests */,
				4C4D656B2BE886BD00753FB5 /* Products */,
			);
			sourceTree = "<group>";
		};
		4C4D656B2BE886BD00753FB5 /* Products */ = {
			isa = PBXGroup;
			children = (
				4C4D656A2BE886BD00753FB5 /* Spending Tracker.app */,
				4C4D657A2BE886C200753FB5 /* Spending TrackerTests.xctest */,
				4C4D65842BE886C200753FB5 /* Spending TrackerUITests.xctest */,
			);
			name = Products;
			sourceTree = "<group>";
		};
		4C4D656C2BE886BD00753FB5 /* Spending Tracker */ = {
			isa = PBXGroup;
			children = (
				4C4D65972BE8D2B100753FB5 /* Model */,
				4C4D65982BE8D2C200753FB5 /* View */,
				4C4D656D2BE886BD00753FB5 /* Spending_TrackerApp.swift */,
				4C4D65712BE886C100753FB5 /* Assets.xcassets */,
				4C4D65732BE886C100753FB5 /* Preview Content */,
			);
			path = "Spending Tracker";
			sourceTree = "<group>";
		};
		4C4D65732BE886C100753FB5 /* Preview Content */ = {
			isa = PBXGroup;
			children = (
				4C4D65742BE886C100753FB5 /* Preview Assets.xcassets */,
			);
			path = "Preview Content";
			sourceTree = "<group>";
		};
		4C4D657D2BE886C200753FB5 /* Spending TrackerTests */ = {
			isa = PBXGroup;
			children = (
				4C4D657E2BE886C200753FB5 /* Spending_TrackerTests.swift */,
			);
			path = "Spending TrackerTests";
			sourceTree = "<group>";
		};
		4C4D65872BE886C200753FB5 /* Spending TrackerUITests */ = {
			isa = PBXGroup;
			children = (
				4C4D65882BE886C200753FB5 /* Spending_TrackerUITests.swift */,
				4C4D658A2BE886C200753FB5 /* Spending_TrackerUITestsLaunchTests.swift */,
			);
			path = "Spending TrackerUITests";
			sourceTree = "<group>";
		};
		4C4D65972BE8D2B100753FB5 /* Model */ = {
			isa = PBXGroup;
			children = (
				11821A252BECAB25001CEFA8 /* ThemeHandler.swift */,
				4C4D659B2BE8D38300753FB5 /* Tabs.swift */,
				4C4D65A72BE8DC2500753FB5 /* Classification.swift */,
				4C4D65A32BE8DA8E00753FB5 /* Transactions.swift */,
				4C4D65A92BE8DE8F00753FB5 /* AssignColour.swift */,
				4CD0B62A2BECAE060045C088 /* TransactionTypes.swift */,
				4C4D65B72BE8F35400753FB5 /* Extensions.swift */,
			);
			path = Model;
			sourceTree = "<group>";
		};
		4C4D65982BE8D2C200753FB5 /* View */ = {
			isa = PBXGroup;
			children = (
				4C4D656F2BE886BD00753FB5 /* ContentView.swift */,
				4C4D65AE2BE8E3AD00753FB5 /* HomeView.swift */,
				4C4D65B02BE8E3C400753FB5 /* SearchView.swift */,
				4C4D65B22BE8E3DA00753FB5 /* GraphView.swift */,
				4C4D65B42BE8E3EA00753FB5 /* SettingsView.swift */,
				DB89C1232BEC15D6004E0E01 /* FilterTransactionView.swift */,
				110C65922BE9F7B200E59ADD /* AddTransactionView.swift */,
				4C4D65C02BE903EF00753FB5 /* TransactionsCardView.swift */,
				4C4D65BC2BE8FA6000753FB5 /* CardView.swift */,
			);
			path = View;
			sourceTree = "<group>";
		};
/* End PBXGroup section */

/* Begin PBXNativeTarget section */
		4C4D65692BE886BD00753FB5 /* Spending Tracker */ = {
			isa = PBXNativeTarget;
			buildConfigurationList = 4C4D658E2BE886C200753FB5 /* Build configuration list for PBXNativeTarget "Spending Tracker" */;
			buildPhases = (
				4C4D65662BE886BD00753FB5 /* Sources */,
				4C4D65672BE886BD00753FB5 /* Frameworks */,
				4C4D65682BE886BD00753FB5 /* Resources */,
			);
			buildRules = (
			);
			dependencies = (
			);
			name = "Spending Tracker";
			productName = "Spending Tracker";
			productReference = 4C4D656A2BE886BD00753FB5 /* Spending Tracker.app */;
			productType = "com.apple.product-type.application";
		};
		4C4D65792BE886C200753FB5 /* Spending TrackerTests */ = {
			isa = PBXNativeTarget;
			buildConfigurationList = 4C4D65912BE886C200753FB5 /* Build configuration list for PBXNativeTarget "Spending TrackerTests" */;
			buildPhases = (
				4C4D65762BE886C200753FB5 /* Sources */,
				4C4D65772BE886C200753FB5 /* Frameworks */,
				4C4D65782BE886C200753FB5 /* Resources */,
			);
			buildRules = (
			);
			dependencies = (
				4C4D657C2BE886C200753FB5 /* PBXTargetDependency */,
			);
			name = "Spending TrackerTests";
			productName = "Spending TrackerTests";
			productReference = 4C4D657A2BE886C200753FB5 /* Spending TrackerTests.xctest */;
			productType = "com.apple.product-type.bundle.unit-test";
		};
		4C4D65832BE886C200753FB5 /* Spending TrackerUITests */ = {
			isa = PBXNativeTarget;
			buildConfigurationList = 4C4D65942BE886C200753FB5 /* Build configuration list for PBXNativeTarget "Spending TrackerUITests" */;
			buildPhases = (
				4C4D65802BE886C200753FB5 /* Sources */,
				4C4D65812BE886C200753FB5 /* Frameworks */,
				4C4D65822BE886C200753FB5 /* Resources */,
			);
			buildRules = (
			);
			dependencies = (
				4C4D65862BE886C200753FB5 /* PBXTargetDependency */,
			);
			name = "Spending TrackerUITests";
			productName = "Spending TrackerUITests";
			productReference = 4C4D65842BE886C200753FB5 /* Spending TrackerUITests.xctest */;
			productType = "com.apple.product-type.bundle.ui-testing";
		};
/* End PBXNativeTarget section */

/* Begin PBXProject section */
		4C4D65622BE886BD00753FB5 /* Project object */ = {
			isa = PBXProject;
			attributes = {
				BuildIndependentTargetsInParallel = 1;
				LastSwiftUpdateCheck = 1520;
				LastUpgradeCheck = 1520;
				TargetAttributes = {
					4C4D65692BE886BD00753FB5 = {
						CreatedOnToolsVersion = 15.2;
					};
					4C4D65792BE886C200753FB5 = {
						CreatedOnToolsVersion = 15.2;
						TestTargetID = 4C4D65692BE886BD00753FB5;
					};
					4C4D65832BE886C200753FB5 = {
						CreatedOnToolsVersion = 15.2;
						TestTargetID = 4C4D65692BE886BD00753FB5;
					};
				};
			};
			buildConfigurationList = 4C4D65652BE886BD00753FB5 /* Build configuration list for PBXProject "Spending Tracker" */;
			compatibilityVersion = "Xcode 14.0";
			developmentRegion = en;
			hasScannedForEncodings = 0;
			knownRegions = (
				en,
				Base,
			);
			mainGroup = 4C4D65612BE886BD00753FB5;
			productRefGroup = 4C4D656B2BE886BD00753FB5 /* Products */;
			projectDirPath = "";
			projectRoot = "";
			targets = (
				4C4D65692BE886BD00753FB5 /* Spending Tracker */,
				4C4D65792BE886C200753FB5 /* Spending TrackerTests */,
				4C4D65832BE886C200753FB5 /* Spending TrackerUITests */,
			);
		};
/* End PBXProject section */

/* Begin PBXResourcesBuildPhase section */
		4C4D65682BE886BD00753FB5 /* Resources */ = {
			isa = PBXResourcesBuildPhase;
			buildActionMask = 2147483647;
			files = (
				4C4D65752BE886C100753FB5 /* Preview Assets.xcassets in Resources */,
				4C4D65722BE886C100753FB5 /* Assets.xcassets in Resources */,
			);
			runOnlyForDeploymentPostprocessing = 0;
		};
		4C4D65782BE886C200753FB5 /* Resources */ = {
			isa = PBXResourcesBuildPhase;
			buildActionMask = 2147483647;
			files = (
			);
			runOnlyForDeploymentPostprocessing = 0;
		};
		4C4D65822BE886C200753FB5 /* Resources */ = {
			isa = PBXResourcesBuildPhase;
			buildActionMask = 2147483647;
			files = (
			);
			runOnlyForDeploymentPostprocessing = 0;
		};
/* End PBXResourcesBuildPhase section */

/* Begin PBXSourcesBuildPhase section */
		4C4D65662BE886BD00753FB5 /* Sources */ = {
			isa = PBXSourcesBuildPhase;
			buildActionMask = 2147483647;
			files = (
				4C4D65B32BE8E3DA00753FB5 /* GraphView.swift in Sources */,
				4C4D65A42BE8DA8E00753FB5 /* Transactions.swift in Sources */,
				4C4D65B12BE8E3C400753FB5 /* SearchView.swift in Sources */,
				11821A262BECAB25001CEFA8 /* ThemeHandler.swift in Sources */,
				4C4D65702BE886BD00753FB5 /* ContentView.swift in Sources */,
				4C4D656E2BE886BD00753FB5 /* Spending_TrackerApp.swift in Sources */,
				4C4D659C2BE8D38300753FB5 /* Tabs.swift in Sources */,
				4C4D65BD2BE8FA6000753FB5 /* CardView.swift in Sources */,
				4C4D65AF2BE8E3AD00753FB5 /* HomeView.swift in Sources */,
				110C65932BE9F7B200E59ADD /* AddTransactionView.swift in Sources */,
				4C4D65C12BE903EF00753FB5 /* TransactionsCardView.swift in Sources */,
				4C4D65AA2BE8DE8F00753FB5 /* AssignColour.swift in Sources */,
				4C4D65A82BE8DC2500753FB5 /* Classification.swift in Sources */,
				4C4D65B82BE8F35400753FB5 /* Extensions.swift in Sources */,
				4C4D65B52BE8E3EA00753FB5 /* SettingsView.swift in Sources */,
				DB89C1242BEC15D6004E0E01 /* FilterTransactionView.swift in Sources */,
				4CD0B62B2BECAE060045C088 /* TransactionTypes.swift in Sources */,
			);
			runOnlyForDeploymentPostprocessing = 0;
		};
		4C4D65762BE886C200753FB5 /* Sources */ = {
			isa = PBXSourcesBuildPhase;
			buildActionMask = 2147483647;
			files = (
				4C4D657F2BE886C200753FB5 /* Spending_TrackerTests.swift in Sources */,
			);
			runOnlyForDeploymentPostprocessing = 0;
		};
		4C4D65802BE886C200753FB5 /* Sources */ = {
			isa = PBXSourcesBuildPhase;
			buildActionMask = 2147483647;
			files = (
				4C4D65892BE886C200753FB5 /* Spending_TrackerUITests.swift in Sources */,
				4C4D658B2BE886C200753FB5 /* Spending_TrackerUITestsLaunchTests.swift in Sources */,
			);
			runOnlyForDeploymentPostprocessing = 0;
		};
/* End PBXSourcesBuildPhase section */

/* Begin PBXTargetDependency section */
		4C4D657C2BE886C200753FB5 /* PBXTargetDependency */ = {
			isa = PBXTargetDependency;
			target = 4C4D65692BE886BD00753FB5 /* Spending Tracker */;
			targetProxy = 4C4D657B2BE886C200753FB5 /* PBXContainerItemProxy */;
		};
		4C4D65862BE886C200753FB5 /* PBXTargetDependency */ = {
			isa = PBXTargetDependency;
			target = 4C4D65692BE886BD00753FB5 /* Spending Tracker */;
			targetProxy = 4C4D65852BE886C200753FB5 /* PBXContainerItemProxy */;
		};
/* End PBXTargetDependency section */

/* Begin XCBuildConfiguration section */
		4C4D658C2BE886C200753FB5 /* Debug */ = {
			isa = XCBuildConfiguration;
			buildSettings = {
				ALWAYS_SEARCH_USER_PATHS = NO;
				ASSETCATALOG_COMPILER_GENERATE_SWIFT_ASSET_SYMBOL_EXTENSIONS = YES;
				CLANG_ANALYZER_NONNULL = YES;
				CLANG_ANALYZER_NUMBER_OBJECT_CONVERSION = YES_AGGRESSIVE;
				CLANG_CXX_LANGUAGE_STANDARD = "gnu++20";
				CLANG_ENABLE_MODULES = YES;
				CLANG_ENABLE_OBJC_ARC = YES;
				CLANG_ENABLE_OBJC_WEAK = YES;
				CLANG_WARN_BLOCK_CAPTURE_AUTORELEASING = YES;
				CLANG_WARN_BOOL_CONVERSION = YES;
				CLANG_WARN_COMMA = YES;
				CLANG_WARN_CONSTANT_CONVERSION = YES;
				CLANG_WARN_DEPRECATED_OBJC_IMPLEMENTATIONS = YES;
				CLANG_WARN_DIRECT_OBJC_ISA_USAGE = YES_ERROR;
				CLANG_WARN_DOCUMENTATION_COMMENTS = YES;
				CLANG_WARN_EMPTY_BODY = YES;
				CLANG_WARN_ENUM_CONVERSION = YES;
				CLANG_WARN_INFINITE_RECURSION = YES;
				CLANG_WARN_INT_CONVERSION = YES;
				CLANG_WARN_NON_LITERAL_NULL_CONVERSION = YES;
				CLANG_WARN_OBJC_IMPLICIT_RETAIN_SELF = YES;
				CLANG_WARN_OBJC_LITERAL_CONVERSION = YES;
				CLANG_WARN_OBJC_ROOT_CLASS = YES_ERROR;
				CLANG_WARN_QUOTED_INCLUDE_IN_FRAMEWORK_HEADER = YES;
				CLANG_WARN_RANGE_LOOP_ANALYSIS = YES;
				CLANG_WARN_STRICT_PROTOTYPES = YES;
				CLANG_WARN_SUSPICIOUS_MOVE = YES;
				CLANG_WARN_UNGUARDED_AVAILABILITY = YES_AGGRESSIVE;
				CLANG_WARN_UNREACHABLE_CODE = YES;
				CLANG_WARN__DUPLICATE_METHOD_MATCH = YES;
				COPY_PHASE_STRIP = NO;
				DEBUG_INFORMATION_FORMAT = dwarf;
				ENABLE_STRICT_OBJC_MSGSEND = YES;
				ENABLE_TESTABILITY = YES;
				ENABLE_USER_SCRIPT_SANDBOXING = YES;
				GCC_C_LANGUAGE_STANDARD = gnu17;
				GCC_DYNAMIC_NO_PIC = NO;
				GCC_NO_COMMON_BLOCKS = YES;
				GCC_OPTIMIZATION_LEVEL = 0;
				GCC_PREPROCESSOR_DEFINITIONS = (
					"DEBUG=1",
					"$(inherited)",
				);
				GCC_WARN_64_TO_32_BIT_CONVERSION = YES;
				GCC_WARN_ABOUT_RETURN_TYPE = YES_ERROR;
				GCC_WARN_UNDECLARED_SELECTOR = YES;
				GCC_WARN_UNINITIALIZED_AUTOS = YES_AGGRESSIVE;
				GCC_WARN_UNUSED_FUNCTION = YES;
				GCC_WARN_UNUSED_VARIABLE = YES;
				IPHONEOS_DEPLOYMENT_TARGET = 17.2;
				LOCALIZATION_PREFERS_STRING_CATALOGS = YES;
				MTL_ENABLE_DEBUG_INFO = INCLUDE_SOURCE;
				MTL_FAST_MATH = YES;
				ONLY_ACTIVE_ARCH = YES;
				SDKROOT = iphoneos;
				SWIFT_ACTIVE_COMPILATION_CONDITIONS = "DEBUG $(inherited)";
				SWIFT_OPTIMIZATION_LEVEL = "-Onone";
			};
			name = Debug;
		};
		4C4D658D2BE886C200753FB5 /* Release */ = {
			isa = XCBuildConfiguration;
			buildSettings = {
				ALWAYS_SEARCH_USER_PATHS = NO;
				ASSETCATALOG_COMPILER_GENERATE_SWIFT_ASSET_SYMBOL_EXTENSIONS = YES;
				CLANG_ANALYZER_NONNULL = YES;
				CLANG_ANALYZER_NUMBER_OBJECT_CONVERSION = YES_AGGRESSIVE;
				CLANG_CXX_LANGUAGE_STANDARD = "gnu++20";
				CLANG_ENABLE_MODULES = YES;
				CLANG_ENABLE_OBJC_ARC = YES;
				CLANG_ENABLE_OBJC_WEAK = YES;
				CLANG_WARN_BLOCK_CAPTURE_AUTORELEASING = YES;
				CLANG_WARN_BOOL_CONVERSION = YES;
				CLANG_WARN_COMMA = YES;
				CLANG_WARN_CONSTANT_CONVERSION = YES;
				CLANG_WARN_DEPRECATED_OBJC_IMPLEMENTATIONS = YES;
				CLANG_WARN_DIRECT_OBJC_ISA_USAGE = YES_ERROR;
				CLANG_WARN_DOCUMENTATION_COMMENTS = YES;
				CLANG_WARN_EMPTY_BODY = YES;
				CLANG_WARN_ENUM_CONVERSION = YES;
				CLANG_WARN_INFINITE_RECURSION = YES;
				CLANG_WARN_INT_CONVERSION = YES;
				CLANG_WARN_NON_LITERAL_NULL_CONVERSION = YES;
				CLANG_WARN_OBJC_IMPLICIT_RETAIN_SELF = YES;
				CLANG_WARN_OBJC_LITERAL_CONVERSION = YES;
				CLANG_WARN_OBJC_ROOT_CLASS = YES_ERROR;
				CLANG_WARN_QUOTED_INCLUDE_IN_FRAMEWORK_HEADER = YES;
				CLANG_WARN_RANGE_LOOP_ANALYSIS = YES;
				CLANG_WARN_STRICT_PROTOTYPES = YES;
				CLANG_WARN_SUSPICIOUS_MOVE = YES;
				CLANG_WARN_UNGUARDED_AVAILABILITY = YES_AGGRESSIVE;
				CLANG_WARN_UNREACHABLE_CODE = YES;
				CLANG_WARN__DUPLICATE_METHOD_MATCH = YES;
				COPY_PHASE_STRIP = NO;
				DEBUG_INFORMATION_FORMAT = "dwarf-with-dsym";
				ENABLE_NS_ASSERTIONS = NO;
				ENABLE_STRICT_OBJC_MSGSEND = YES;
				ENABLE_USER_SCRIPT_SANDBOXING = YES;
				GCC_C_LANGUAGE_STANDARD = gnu17;
				GCC_NO_COMMON_BLOCKS = YES;
				GCC_WARN_64_TO_32_BIT_CONVERSION = YES;
				GCC_WARN_ABOUT_RETURN_TYPE = YES_ERROR;
				GCC_WARN_UNDECLARED_SELECTOR = YES;
				GCC_WARN_UNINITIALIZED_AUTOS = YES_AGGRESSIVE;
				GCC_WARN_UNUSED_FUNCTION = YES;
				GCC_WARN_UNUSED_VARIABLE = YES;
				IPHONEOS_DEPLOYMENT_TARGET = 17.2;
				LOCALIZATION_PREFERS_STRING_CATALOGS = YES;
				MTL_ENABLE_DEBUG_INFO = NO;
				MTL_FAST_MATH = YES;
				SDKROOT = iphoneos;
				SWIFT_COMPILATION_MODE = wholemodule;
				VALIDATE_PRODUCT = YES;
			};
			name = Release;
		};
		4C4D658F2BE886C200753FB5 /* Debug */ = {
			isa = XCBuildConfiguration;
			buildSettings = {
				ASSETCATALOG_COMPILER_APPICON_NAME = AppIcon;
				ASSETCATALOG_COMPILER_GLOBAL_ACCENT_COLOR_NAME = AccentColor;
				CODE_SIGN_STYLE = Automatic;
				CURRENT_PROJECT_VERSION = 1;
				DEVELOPMENT_ASSET_PATHS = "\"Spending Tracker/Preview Content\"";
				ENABLE_PREVIEWS = YES;
				GENERATE_INFOPLIST_FILE = YES;
				INFOPLIST_KEY_UIApplicationSceneManifest_Generation = YES;
				INFOPLIST_KEY_UIApplicationSupportsIndirectInputEvents = YES;
				INFOPLIST_KEY_UILaunchScreen_Generation = YES;
				INFOPLIST_KEY_UISupportedInterfaceOrientations_iPad = "UIInterfaceOrientationPortrait UIInterfaceOrientationPortraitUpsideDown UIInterfaceOrientationLandscapeLeft UIInterfaceOrientationLandscapeRight";
				INFOPLIST_KEY_UISupportedInterfaceOrientations_iPhone = "UIInterfaceOrientationPortrait UIInterfaceOrientationLandscapeLeft UIInterfaceOrientationLandscapeRight";
				LD_RUNPATH_SEARCH_PATHS = (
					"$(inherited)",
					"@executable_path/Frameworks",
				);
				MARKETING_VERSION = 1.0;
				PRODUCT_BUNDLE_IDENTIFIER = "au.com.uts.Spending-Tracker";
				PRODUCT_NAME = "$(TARGET_NAME)";
				SWIFT_EMIT_LOC_STRINGS = YES;
				SWIFT_VERSION = 5.0;
				TARGETED_DEVICE_FAMILY = "1,2";
			};
			name = Debug;
		};
		4C4D65902BE886C200753FB5 /* Release */ = {
			isa = XCBuildConfiguration;
			buildSettings = {
				ASSETCATALOG_COMPILER_APPICON_NAME = AppIcon;
				ASSETCATALOG_COMPILER_GLOBAL_ACCENT_COLOR_NAME = AccentColor;
				CODE_SIGN_STYLE = Automatic;
				CURRENT_PROJECT_VERSION = 1;
				DEVELOPMENT_ASSET_PATHS = "\"Spending Tracker/Preview Content\"";
				ENABLE_PREVIEWS = YES;
				GENERATE_INFOPLIST_FILE = YES;
				INFOPLIST_KEY_UIApplicationSceneManifest_Generation = YES;
				INFOPLIST_KEY_UIApplicationSupportsIndirectInputEvents = YES;
				INFOPLIST_KEY_UILaunchScreen_Generation = YES;
				INFOPLIST_KEY_UISupportedInterfaceOrientations_iPad = "UIInterfaceOrientationPortrait UIInterfaceOrientationPortraitUpsideDown UIInterfaceOrientationLandscapeLeft UIInterfaceOrientationLandscapeRight";
				INFOPLIST_KEY_UISupportedInterfaceOrientations_iPhone = "UIInterfaceOrientationPortrait UIInterfaceOrientationLandscapeLeft UIInterfaceOrientationLandscapeRight";
				LD_RUNPATH_SEARCH_PATHS = (
					"$(inherited)",
					"@executable_path/Frameworks",
				);
				MARKETING_VERSION = 1.0;
				PRODUCT_BUNDLE_IDENTIFIER = "au.com.uts.Spending-Tracker";
				PRODUCT_NAME = "$(TARGET_NAME)";
				SWIFT_EMIT_LOC_STRINGS = YES;
				SWIFT_VERSION = 5.0;
				TARGETED_DEVICE_FAMILY = "1,2";
			};
			name = Release;
		};
		4C4D65922BE886C200753FB5 /* Debug */ = {
			isa = XCBuildConfiguration;
			buildSettings = {
				ALWAYS_EMBED_SWIFT_STANDARD_LIBRARIES = YES;
				BUNDLE_LOADER = "$(TEST_HOST)";
				CODE_SIGN_STYLE = Automatic;
				CURRENT_PROJECT_VERSION = 1;
				GENERATE_INFOPLIST_FILE = YES;
				IPHONEOS_DEPLOYMENT_TARGET = 17.2;
				MARKETING_VERSION = 1.0;
				PRODUCT_BUNDLE_IDENTIFIER = "au.com.uts.Spending-TrackerTests";
				PRODUCT_NAME = "$(TARGET_NAME)";
				SWIFT_EMIT_LOC_STRINGS = NO;
				SWIFT_VERSION = 5.0;
				TARGETED_DEVICE_FAMILY = "1,2";
				TEST_HOST = "$(BUILT_PRODUCTS_DIR)/Spending Tracker.app/$(BUNDLE_EXECUTABLE_FOLDER_PATH)/Spending Tracker";
			};
			name = Debug;
		};
		4C4D65932BE886C200753FB5 /* Release */ = {
			isa = XCBuildConfiguration;
			buildSettings = {
				ALWAYS_EMBED_SWIFT_STANDARD_LIBRARIES = YES;
				BUNDLE_LOADER = "$(TEST_HOST)";
				CODE_SIGN_STYLE = Automatic;
				CURRENT_PROJECT_VERSION = 1;
				GENERATE_INFOPLIST_FILE = YES;
				IPHONEOS_DEPLOYMENT_TARGET = 17.2;
				MARKETING_VERSION = 1.0;
				PRODUCT_BUNDLE_IDENTIFIER = "au.com.uts.Spending-TrackerTests";
				PRODUCT_NAME = "$(TARGET_NAME)";
				SWIFT_EMIT_LOC_STRINGS = NO;
				SWIFT_VERSION = 5.0;
				TARGETED_DEVICE_FAMILY = "1,2";
				TEST_HOST = "$(BUILT_PRODUCTS_DIR)/Spending Tracker.app/$(BUNDLE_EXECUTABLE_FOLDER_PATH)/Spending Tracker";
			};
			name = Release;
		};
		4C4D65952BE886C200753FB5 /* Debug */ = {
			isa = XCBuildConfiguration;
			buildSettings = {
				ALWAYS_EMBED_SWIFT_STANDARD_LIBRARIES = YES;
				CODE_SIGN_STYLE = Automatic;
				CURRENT_PROJECT_VERSION = 1;
				GENERATE_INFOPLIST_FILE = YES;
				MARKETING_VERSION = 1.0;
				PRODUCT_BUNDLE_IDENTIFIER = "au.com.uts.Spending-TrackerUITests";
				PRODUCT_NAME = "$(TARGET_NAME)";
				SWIFT_EMIT_LOC_STRINGS = NO;
				SWIFT_VERSION = 5.0;
				TARGETED_DEVICE_FAMILY = "1,2";
				TEST_TARGET_NAME = "Spending Tracker";
			};
			name = Debug;
		};
		4C4D65962BE886C200753FB5 /* Release */ = {
			isa = XCBuildConfiguration;
			buildSettings = {
				ALWAYS_EMBED_SWIFT_STANDARD_LIBRARIES = YES;
				CODE_SIGN_STYLE = Automatic;
				CURRENT_PROJECT_VERSION = 1;
				GENERATE_INFOPLIST_FILE = YES;
				MARKETING_VERSION = 1.0;
				PRODUCT_BUNDLE_IDENTIFIER = "au.com.uts.Spending-TrackerUITests";
				PRODUCT_NAME = "$(TARGET_NAME)";
				SWIFT_EMIT_LOC_STRINGS = NO;
				SWIFT_VERSION = 5.0;
				TARGETED_DEVICE_FAMILY = "1,2";
				TEST_TARGET_NAME = "Spending Tracker";
			};
			name = Release;
		};
/* End XCBuildConfiguration section */

/* Begin XCConfigurationList section */
		4C4D65652BE886BD00753FB5 /* Build configuration list for PBXProject "Spending Tracker" */ = {
			isa = XCConfigurationList;
			buildConfigurations = (
				4C4D658C2BE886C200753FB5 /* Debug */,
				4C4D658D2BE886C200753FB5 /* Release */,
			);
			defaultConfigurationIsVisible = 0;
			defaultConfigurationName = Release;
		};
		4C4D658E2BE886C200753FB5 /* Build configuration list for PBXNativeTarget "Spending Tracker" */ = {
			isa = XCConfigurationList;
			buildConfigurations = (
				4C4D658F2BE886C200753FB5 /* Debug */,
				4C4D65902BE886C200753FB5 /* Release */,
			);
			defaultConfigurationIsVisible = 0;
			defaultConfigurationName = Release;
		};
		4C4D65912BE886C200753FB5 /* Build configuration list for PBXNativeTarget "Spending TrackerTests" */ = {
			isa = XCConfigurationList;
			buildConfigurations = (
				4C4D65922BE886C200753FB5 /* Debug */,
				4C4D65932BE886C200753FB5 /* Release */,
			);
			defaultConfigurationIsVisible = 0;
			defaultConfigurationName = Release;
		};
		4C4D65942BE886C200753FB5 /* Build configuration list for PBXNativeTarget "Spending TrackerUITests" */ = {
			isa = XCConfigurationList;
			buildConfigurations = (
				4C4D65952BE886C200753FB5 /* Debug */,
				4C4D65962BE886C200753FB5 /* Release */,
			);
			defaultConfigurationIsVisible = 0;
			defaultConfigurationName = Release;
		};
/* End XCConfigurationList section */
	};
	rootObject = 4C4D65622BE886BD00753FB5 /* Project object */;
}
